
Microsoft Visual Studio Solution File, Format Version 12.00
# Visual Studio Version 17
VisualStudioVersion = 17.9.34701.34
MinimumVisualStudioVersion = 10.0.40219.1
Project("{9A19103F-16F7-4668-BE54-9A1E7A4F7556}") = "ThucTap_TuanKiet", "ThucTap_TuanKiet\ThucTap_TuanKiet.csproj", "{8CBE56E7-AB69-46B4-A87F-78A4B666AD42}"
EndProject
Global
	GlobalSection(SolutionConfigurationPlatforms) = preSolution
		Debug|Any CPU = Debug|Any CPU
		Release|Any CPU = Release|Any CPU
	EndGlobalSection
	GlobalSection(ProjectConfigurationPlatforms) = postSolution
		{8CBE56E7-AB69-46B4-A87F-78A4B666AD42}.Debug|Any CPU.ActiveCfg = Debug|Any CPU
		{8CBE56E7-AB69-46B4-A87F-78A4B666AD42}.Debug|Any CPU.Build.0 = Debug|Any CPU
		{8CBE56E7-AB69-46B4-A87F-78A4B666AD42}.Release|Any CPU.ActiveCfg = Release|Any CPU
		{8CBE56E7-AB69-46B4-A87F-78A4B666AD42}.Release|Any CPU.Build.0 = Release|Any CPU
	EndGlobalSection
	GlobalSection(SolutionProperties) = preSolution
		HideSolutionNode = FALSE
	EndGlobalSection
	GlobalSection(ExtensibilityGlobals) = postSolution
		SolutionGuid = {F7E761B1-1FFC-485B-A65E-67B60A289DEC}
	EndGlobalSection
EndGlobal
